schema: '2.0'
stages:
  load_data:
    cmd: python src/load_data.py --config=params.yaml
    deps:
    - path: data_given/winequality.csv
      md5: ccc8d3507eb151f53f760d36abdef888
      size: 91998
    - path: src/get_data.py
      md5: 963f3dde3b934a704aecfa92ac5c1e45
      size: 674
    - path: src/load_data.py
      md5: 993cb881c8113b40dd9540f55ea00c48
      size: 697
    outs:
    - path: data/raw/winequality.csv
      md5: dcb9f7736a81b73cf4cf803b5ef3f07e
      size: 100950
  split_data:
    cmd: python src/split_data.py --config=params.yaml
    deps:
    - path: data_given/winequality.csv
      md5: ccc8d3507eb151f53f760d36abdef888
      size: 91998
    - path: src/split_data.py
      md5: 9e3293a11b91af098de8ac50e3fa6499
      size: 1077
    outs:
    - path: data/processed/test_winequality.csv
      md5: c61ed6ccde3fa3fdb1f90855d8bed6a6
      size: 18835
    - path: data/processed/train_winequality.csv
      md5: d2565873a62157d22eedc74acd913077
      size: 74794
  train_and_evaluate:
    cmd: python src/train_and_evaluate.py --config=params.yaml
    deps:
    - path: data/processed/test_winequality.csv
      md5: c61ed6ccde3fa3fdb1f90855d8bed6a6
      size: 18835
    - path: data/processed/train_winequality.csv
      md5: d2565873a62157d22eedc74acd913077
      size: 74794
    - path: src/train_and_evaluate.py
      md5: 076d3baec68d5410c9fcc0fbfc3c3582
      size: 2501
    params:
      params.yaml:
        estimators.ElasticNet.params.alpha: 0.88
        estimators.ElasticNet.params.l1_ratio: 0.89
    outs:
    - path: report/params.json
      md5: 0568f34313ba7c5e55128b75dbcbee5c
      size: 43
    - path: report/scores.json
      md5: ac89e037063ee307b6d23c8ef0583610
      size: 96
    - path: saved_models/model.joblib
      md5: 9b32d26ecfcaa867c678ab8738a1ae0d
      size: 1336
